
Microsoft Visual Studio Solution File, Format Version 11.00
# Visual Studio 2010
Project("{FAE04EC0-301F-11D3-BF4B-00C04F79EFBC}") = "com.unity.multiplayer-hlapi.Runtime", "com.unity.multiplayer-hlapi.Runtime.csproj", "{BA22B29D-23FE-7A73-EE84-EF8E56BD837A}"
EndProject
Project("{FAE04EC0-301F-11D3-BF4B-00C04F79EFBC}") = "RoR2EditorKit", "RoR2EditorKit.csproj", "{92DA7CAA-FA7C-EBB9-8596-B042421DC991}"
EndProject
Project("{FAE04EC0-301F-11D3-BF4B-00C04F79EFBC}") = "com.unity.multiplayer-hlapi.Editor", "com.unity.multiplayer-hlapi.Editor.csproj", "{749EC520-07ED-D18E-7704-B7E949B2C7EB}"
EndProject
Project("{FAE04EC0-301F-11D3-BF4B-00C04F79EFBC}") = "RoR2EditorScripts", "RoR2EditorScripts.csproj", "{F087174A-6072-38E4-C5F0-EE63E3EC1597}"
EndProject
Project("{FAE04EC0-301F-11D3-BF4B-00C04F79EFBC}") = "Assembly-CSharp-Editor-firstpass", "Assembly-CSharp-Editor-firstpass.csproj", "{9EBC36EF-4A92-10E3-B814-1EC8AAD49BF3}"
EndProject
Project("{FAE04EC0-301F-11D3-BF4B-00C04F79EFBC}") = "com.unity.multiplayer-weaver.Editor", "com.unity.multiplayer-weaver.Editor.csproj", "{5714A918-06F7-1D39-40C0-5DC615FFC1FF}"
EndProject
Project("{FAE04EC0-301F-11D3-BF4B-00C04F79EFBC}") = "MonoDetector", "MonoDetector.csproj", "{D534D3DA-4354-CB78-5640-AB3CC608CEDB}"
EndProject
Global
	GlobalSection(SolutionConfigurationPlatforms) = preSolution
		Debug|Any CPU = Debug|Any CPU
		Release|Any CPU = Release|Any CPU
	EndGlobalSection
	GlobalSection(ProjectConfigurationPlatforms) = postSolution
		{BA22B29D-23FE-7A73-EE84-EF8E56BD837A}.Debug|Any CPU.ActiveCfg = Debug|Any CPU
		{BA22B29D-23FE-7A73-EE84-EF8E56BD837A}.Debug|Any CPU.Build.0 = Debug|Any CPU
		{BA22B29D-23FE-7A73-EE84-EF8E56BD837A}.Release|Any CPU.ActiveCfg = Release|Any CPU
		{BA22B29D-23FE-7A73-EE84-EF8E56BD837A}.Release|Any CPU.Build.0 = Release|Any CPU
		{92DA7CAA-FA7C-EBB9-8596-B042421DC991}.Debug|Any CPU.ActiveCfg = Debug|Any CPU
		{92DA7CAA-FA7C-EBB9-8596-B042421DC991}.Debug|Any CPU.Build.0 = Debug|Any CPU
		{92DA7CAA-FA7C-EBB9-8596-B042421DC991}.Release|Any CPU.ActiveCfg = Release|Any CPU
		{92DA7CAA-FA7C-EBB9-8596-B042421DC991}.Release|Any CPU.Build.0 = Release|Any CPU
		{749EC520-07ED-D18E-7704-B7E949B2C7EB}.Debug|Any CPU.ActiveCfg = Debug|Any CPU
		{749EC520-07ED-D18E-7704-B7E949B2C7EB}.Debug|Any CPU.Build.0 = Debug|Any CPU
		{749EC520-07ED-D18E-7704-B7E949B2C7EB}.Release|Any CPU.ActiveCfg = Release|Any CPU
		{749EC520-07ED-D18E-7704-B7E949B2C7EB}.Release|Any CPU.Build.0 = Release|Any CPU
		{F087174A-6072-38E4-C5F0-EE63E3EC1597}.Debug|Any CPU.ActiveCfg = Debug|Any CPU
		{F087174A-6072-38E4-C5F0-EE63E3EC1597}.Debug|Any CPU.Build.0 = Debug|Any CPU
		{F087174A-6072-38E4-C5F0-EE63E3EC1597}.Release|Any CPU.ActiveCfg = Release|Any CPU
		{F087174A-6072-38E4-C5F0-EE63E3EC1597}.Release|Any CPU.Build.0 = Release|Any CPU
		{9EBC36EF-4A92-10E3-B814-1EC8AAD49BF3}.Debug|Any CPU.ActiveCfg = Debug|Any CPU
		{9EBC36EF-4A92-10E3-B814-1EC8AAD49BF3}.Debug|Any CPU.Build.0 = Debug|Any CPU
		{9EBC36EF-4A92-10E3-B814-1EC8AAD49BF3}.Release|Any CPU.ActiveCfg = Release|Any CPU
		{9EBC36EF-4A92-10E3-B814-1EC8AAD49BF3}.Release|Any CPU.Build.0 = Release|Any CPU
		{5714A918-06F7-1D39-40C0-5DC615FFC1FF}.Debug|Any CPU.ActiveCfg = Debug|Any CPU
		{5714A918-06F7-1D39-40C0-5DC615FFC1FF}.Debug|Any CPU.Build.0 = Debug|Any CPU
		{5714A918-06F7-1D39-40C0-5DC615FFC1FF}.Release|Any CPU.ActiveCfg = Release|Any CPU
		{5714A918-06F7-1D39-40C0-5DC615FFC1FF}.Release|Any CPU.Build.0 = Release|Any CPU
		{D534D3DA-4354-CB78-5640-AB3CC608CEDB}.Debug|Any CPU.ActiveCfg = Debug|Any CPU
		{D534D3DA-4354-CB78-5640-AB3CC608CEDB}.Debug|Any CPU.Build.0 = Debug|Any CPU
		{D534D3DA-4354-CB78-5640-AB3CC608CEDB}.Release|Any CPU.ActiveCfg = Release|Any CPU
		{D534D3DA-4354-CB78-5640-AB3CC608CEDB}.Release|Any CPU.Build.0 = Release|Any CPU
	EndGlobalSection
	GlobalSection(SolutionProperties) = preSolution
		HideSolutionNode = FALSE
	EndGlobalSection
EndGlobal
